// !$*UTF8*$!
{
	archiveVersion = 1;
	classes = {
	};
	objectVersion = 50;
	objects = {

/* Begin PBXBuildFile section */
		6B63E81321C7E98F00009E2F /* AppDelegate.swift in Sources */ = {isa = PBXBuildFile; fileRef = 6B63E81221C7E98F00009E2F /* AppDelegate.swift */; };
		6B63E81821C7E98F00009E2F /* Main.storyboard in Resources */ = {isa = PBXBuildFile; fileRef = 6B63E81621C7E98F00009E2F /* Main.storyboard */; };
		6B63E81B21C7E98F00009E2F /* WeatherApp.xcdatamodeld in Sources */ = {isa = PBXBuildFile; fileRef = 6B63E81921C7E98F00009E2F /* WeatherApp.xcdatamodeld */; };
		6B63E81D21C7E99000009E2F /* Assets.xcassets in Resources */ = {isa = PBXBuildFile; fileRef = 6B63E81C21C7E99000009E2F /* Assets.xcassets */; };
		6B63E82021C7E99000009E2F /* LaunchScreen.storyboard in Resources */ = {isa = PBXBuildFile; fileRef = 6B63E81E21C7E99000009E2F /* LaunchScreen.storyboard */; };
		6B63E82B21C7EA4A00009E2F /* CityDetailedWeatherViewController.swift in Sources */ = {isa = PBXBuildFile; fileRef = 6B63E82A21C7EA4A00009E2F /* CityDetailedWeatherViewController.swift */; };
		6B63E82D21C7EA4E00009E2F /* SearchCityViewController.swift in Sources */ = {isa = PBXBuildFile; fileRef = 6B63E82C21C7EA4E00009E2F /* SearchCityViewController.swift */; };
		6B63E82F21C7EA5300009E2F /* SelectedCitiesWeatherController.swift in Sources */ = {isa = PBXBuildFile; fileRef = 6B63E82E21C7EA5300009E2F /* SelectedCitiesWeatherController.swift */; };
		6B63E83021C7EA9900009E2F /* CityModel.swift in Sources */ = {isa = PBXBuildFile; fileRef = 6B63E82921C7EA0700009E2F /* CityModel.swift */; };
		6B63E83221C7EAAD00009E2F /* DataBaseService.swift in Sources */ = {isa = PBXBuildFile; fileRef = 6B63E83121C7EAAD00009E2F /* DataBaseService.swift */; };
		6B63E83421C7EAB000009E2F /* Extensions.swift in Sources */ = {isa = PBXBuildFile; fileRef = 6B63E83321C7EAB000009E2F /* Extensions.swift */; };
		6B63E83621C7EAB400009E2F /* WeatherService.swift in Sources */ = {isa = PBXBuildFile; fileRef = 6B63E83521C7EAB400009E2F /* WeatherService.swift */; };
		6B63E83821C7EAB800009E2F /* ConstantValues.swift in Sources */ = {isa = PBXBuildFile; fileRef = 6B63E83721C7EAB800009E2F /* ConstantValues.swift */; };
		6B63E83A21C7EABB00009E2F /* SelectCityCell.swift in Sources */ = {isa = PBXBuildFile; fileRef = 6B63E83921C7EABB00009E2F /* SelectCityCell.swift */; };
		6B63E83C21C7EABE00009E2F /* CityCell.swift in Sources */ = {isa = PBXBuildFile; fileRef = 6B63E83B21C7EABE00009E2F /* CityCell.swift */; };
		6B63E83E21C7EAC100009E2F /* DetailsWeatherCell.swift in Sources */ = {isa = PBXBuildFile; fileRef = 6B63E83D21C7EAC100009E2F /* DetailsWeatherCell.swift */; };
		6B63E85021C7F20800009E2F /* cities.json in Resources */ = {isa = PBXBuildFile; fileRef = 6B63E84C21C7F06200009E2F /* cities.json */; };
		6B63E85121C7F20D00009E2F /* citiesL.json in Resources */ = {isa = PBXBuildFile; fileRef = 6B63E84D21C7F07000009E2F /* citiesL.json */; };
		6B63E85221C7FAB400009E2F /* DetailsWeatherCell.xib in Resources */ = {isa = PBXBuildFile; fileRef = 6B63E83F21C7EAC500009E2F /* DetailsWeatherCell.xib */; };
		6B63E85421C8056200009E2F /* IconImageView.swift in Sources */ = {isa = PBXBuildFile; fileRef = 6B63E85321C8056200009E2F /* IconImageView.swift */; };
/* End PBXBuildFile section */

/* Begin PBXFileReference section */
		6B63E80F21C7E98F00009E2F /* WeatherApp.app */ = {isa = PBXFileReference; explicitFileType = wrapper.application; includeInIndex = 0; path = WeatherApp.app; sourceTree = BUILT_PRODUCTS_DIR; };
		6B63E81221C7E98F00009E2F /* AppDelegate.swift */ = {isa = PBXFileReference; lastKnownFileType = sourcecode.swift; path = AppDelegate.swift; sourceTree = "<group>"; };
		6B63E81721C7E98F00009E2F /* Base */ = {isa = PBXFileReference; lastKnownFileType = file.storyboard; name = Base; path = Base.lproj/Main.storyboard; sourceTree = "<group>"; };
		6B63E81A21C7E98F00009E2F /* WeatherApp.xcdatamodel */ = {isa = PBXFileReference; lastKnownFileType = wrapper.xcdatamodel; path = WeatherApp.xcdatamodel; sourceTree = "<group>"; };
		6B63E81C21C7E99000009E2F /* Assets.xcassets */ = {isa = PBXFileReference; lastKnownFileType = folder.assetcatalog; path = Assets.xcassets; sourceTree = "<group>"; };
		6B63E81F21C7E99000009E2F /* Base */ = {isa = PBXFileReference; lastKnownFileType = file.storyboard; name = Base; path = Base.lproj/LaunchScreen.storyboard; sourceTree = "<group>"; };
		6B63E82121C7E99000009E2F /* Info.plist */ = {isa = PBXFileReference; lastKnownFileType = text.plist.xml; path = Info.plist; sourceTree = "<group>"; };
		6B63E82921C7EA0700009E2F /* CityModel.swift */ = {isa = PBXFileReference; lastKnownFileType = sourcecode.swift; path = CityModel.swift; sourceTree = "<group>"; };
		6B63E82A21C7EA4A00009E2F /* CityDetailedWeatherViewController.swift */ = {isa = PBXFileReference; lastKnownFileType = sourcecode.swift; path = CityDetailedWeatherViewController.swift; sourceTree = "<group>"; };
		6B63E82C21C7EA4E00009E2F /* SearchCityViewController.swift */ = {isa = PBXFileReference; lastKnownFileType = sourcecode.swift; path = SearchCityViewController.swift; sourceTree = "<group>"; };
		6B63E82E21C7EA5300009E2F /* SelectedCitiesWeatherController.swift */ = {isa = PBXFileReference; lastKnownFileType = sourcecode.swift; path = SelectedCitiesWeatherController.swift; sourceTree = "<group>"; };
		6B63E83121C7EAAD00009E2F /* DataBaseService.swift */ = {isa = PBXFileReference; lastKnownFileType = sourcecode.swift; path = DataBaseService.swift; sourceTree = "<group>"; };
		6B63E83321C7EAB000009E2F /* Extensions.swift */ = {isa = PBXFileReference; lastKnownFileType = sourcecode.swift; path = Extensions.swift; sourceTree = "<group>"; };
		6B63E83521C7EAB400009E2F /* WeatherService.swift */ = {isa = PBXFileReference; lastKnownFileType = sourcecode.swift; path = WeatherService.swift; sourceTree = "<group>"; };
		6B63E83721C7EAB800009E2F /* ConstantValues.swift */ = {isa = PBXFileReference; lastKnownFileType = sourcecode.swift; path = ConstantValues.swift; sourceTree = "<group>"; };
		6B63E83921C7EABB00009E2F /* SelectCityCell.swift */ = {isa = PBXFileReference; lastKnownFileType = sourcecode.swift; path = SelectCityCell.swift; sourceTree = "<group>"; };
		6B63E83B21C7EABE00009E2F /* CityCell.swift */ = {isa = PBXFileReference; lastKnownFileType = sourcecode.swift; path = CityCell.swift; sourceTree = "<group>"; };
		6B63E83D21C7EAC100009E2F /* DetailsWeatherCell.swift */ = {isa = PBXFileReference; lastKnownFileType = sourcecode.swift; path = DetailsWeatherCell.swift; sourceTree = "<group>"; };
		6B63E83F21C7EAC500009E2F /* DetailsWeatherCell.xib */ = {isa = PBXFileReference; lastKnownFileType = file.xib; path = DetailsWeatherCell.xib; sourceTree = "<group>"; };
		6B63E84C21C7F06200009E2F /* cities.json */ = {isa = PBXFileReference; lastKnownFileType = text.json; path = cities.json; sourceTree = "<group>"; };
		6B63E84D21C7F07000009E2F /* citiesL.json */ = {isa = PBXFileReference; lastKnownFileType = text.json; path = citiesL.json; sourceTree = "<group>"; };
		6B63E85321C8056200009E2F /* IconImageView.swift */ = {isa = PBXFileReference; lastKnownFileType = sourcecode.swift; path = IconImageView.swift; sourceTree = "<group>"; };
/* End PBXFileReference section */

/* Begin PBXFrameworksBuildPhase section */
		6B63E80C21C7E98F00009E2F /* Frameworks */ = {
			isa = PBXFrameworksBuildPhase;
			buildActionMask = 2147483647;
			files = (
			);
			runOnlyForDeploymentPostprocessing = 0;
		};
/* End PBXFrameworksBuildPhase section */

/* Begin PBXGroup section */
		6B63E80621C7E98F00009E2F = {
			isa = PBXGroup;
			children = (
				6B63E81121C7E98F00009E2F /* WeatherApp */,
				6B63E81021C7E98F00009E2F /* Products */,
			);
			sourceTree = "<group>";
		};
		6B63E81021C7E98F00009E2F /* Products */ = {
			isa = PBXGroup;
			children = (
				6B63E80F21C7E98F00009E2F /* WeatherApp.app */,
			);
			name = Products;
			sourceTree = "<group>";
		};
		6B63E81121C7E98F00009E2F /* WeatherApp */ = {
			isa = PBXGroup;
			children = (
				6B63E81221C7E98F00009E2F /* AppDelegate.swift */,
				6B63E84B21C7ED6600009E2F /* Model */,
				6B63E84A21C7ED4E00009E2F /* ViewControllers */,
				6B63E84921C7ED3200009E2F /* Healpers */,
				6B63E84821C7ED2100009E2F /* Cell */,
				6B63E81621C7E98F00009E2F /* Main.storyboard */,
				6B63E81C21C7E99000009E2F /* Assets.xcassets */,
				6B63E81E21C7E99000009E2F /* LaunchScreen.storyboard */,
				6B63E82121C7E99000009E2F /* Info.plist */,
				6B63E84C21C7F06200009E2F /* cities.json */,
				6B63E84D21C7F07000009E2F /* citiesL.json */,
				6B63E81921C7E98F00009E2F /* WeatherApp.xcdatamodeld */,
				6B63E85321C8056200009E2F /* IconImageView.swift */,
			);
			path = WeatherApp;
			sourceTree = "<group>";
		};
		6B63E84821C7ED2100009E2F /* Cell */ = {
			isa = PBXGroup;
			children = (
				6B63E83921C7EABB00009E2F /* SelectCityCell.swift */,
				6B63E83B21C7EABE00009E2F /* CityCell.swift */,
				6B63E83D21C7EAC100009E2F /* DetailsWeatherCell.swift */,
				6B63E83F21C7EAC500009E2F /* DetailsWeatherCell.xib */,
			);
			path = Cell;
			sourceTree = "<group>";
		};
		6B63E84921C7ED3200009E2F /* Healpers */ = {
			isa = PBXGroup;
			children = (
				6B63E83121C7EAAD00009E2F /* DataBaseService.swift */,
				6B63E83321C7EAB000009E2F /* Extensions.swift */,
				6B63E83521C7EAB400009E2F /* WeatherService.swift */,
				6B63E83721C7EAB800009E2F /* ConstantValues.swift */,
			);
			path = Healpers;
			sourceTree = "<group>";
		};
		6B63E84A21C7ED4E00009E2F /* ViewControllers */ = {
			isa = PBXGroup;
			children = (
				6B63E82C21C7EA4E00009E2F /* SearchCityViewController.swift */,
				6B63E82A21C7EA4A00009E2F /* CityDetailedWeatherViewController.swift */,
				6B63E82E21C7EA5300009E2F /* SelectedCitiesWeatherController.swift */,
			);
			path = ViewControllers;
			sourceTree = "<group>";
		};
		6B63E84B21C7ED6600009E2F /* Model */ = {
			isa = PBXGroup;
			children = (
				6B63E82921C7EA0700009E2F /* CityModel.swift */,
			);
			path = Model;
			sourceTree = "<group>";
		};
/* End PBXGroup section */

/* Begin PBXNativeTarget section */
		6B63E80E21C7E98F00009E2F /* WeatherApp */ = {
			isa = PBXNativeTarget;
			buildConfigurationList = 6B63E82421C7E99000009E2F /* Build configuration list for PBXNativeTarget "WeatherApp" */;
			buildPhases = (
				6B63E80B21C7E98F00009E2F /* Sources */,
				6B63E80C21C7E98F00009E2F /* Frameworks */,
				6B63E80D21C7E98F00009E2F /* Resources */,
			);
			buildRules = (
			);
			dependencies = (
			);
			name = WeatherApp;
			productName = WeatherApp;
			productReference = 6B63E80F21C7E98F00009E2F /* WeatherApp.app */;
			productType = "com.apple.product-type.application";
		};
/* End PBXNativeTarget section */

/* Begin PBXProject section */
		6B63E80721C7E98F00009E2F /* Project object */ = {
			isa = PBXProject;
			attributes = {
				LastSwiftUpdateCheck = 1010;
				LastUpgradeCheck = 1010;
				ORGANIZATIONNAME = "Next Level";
				TargetAttributes = {
					6B63E80E21C7E98F00009E2F = {
						CreatedOnToolsVersion = 10.1;
					};
				};
			};
			buildConfigurationList = 6B63E80A21C7E98F00009E2F /* Build configuration list for PBXProject "WeatherApp" */;
			compatibilityVersion = "Xcode 9.3";
			developmentRegion = en;
			hasScannedForEncodings = 0;
			knownRegions = (
				en,
				Base,
			);
			mainGroup = 6B63E80621C7E98F00009E2F;
			productRefGroup = 6B63E81021C7E98F00009E2F /* Products */;
			projectDirPath = "";
			projectRoot = "";
			targets = (
				6B63E80E21C7E98F00009E2F /* WeatherApp */,
			);
		};
/* End PBXProject section */

/* Begin PBXResourcesBuildPhase section */
		6B63E80D21C7E98F00009E2F /* Resources */ = {
			isa = PBXResourcesBuildPhase;
			buildActionMask = 2147483647;
			files = (
				6B63E85221C7FAB400009E2F /* DetailsWeatherCell.xib in Resources */,
				6B63E85121C7F20D00009E2F /* citiesL.json in Resources */,
				6B63E85021C7F20800009E2F /* cities.json in Resources */,
				6B63E82021C7E99000009E2F /* LaunchScreen.storyboard in Resources */,
				6B63E81D21C7E99000009E2F /* Assets.xcassets in Resources */,
				6B63E81821C7E98F00009E2F /* Main.storyboard in Resources */,
			);
			runOnlyForDeploymentPostprocessing = 0;
		};
/* End PBXResourcesBuildPhase section */

/* Begin PBXSourcesBuildPhase section */
		6B63E80B21C7E98F00009E2F /* Sources */ = {
			isa = PBXSourcesBuildPhase;
			buildActionMask = 2147483647;
			files = (
				6B63E81B21C7E98F00009E2F /* WeatherApp.xcdatamodeld in Sources */,
				6B63E85421C8056200009E2F /* IconImageView.swift in Sources */,
				6B63E83821C7EAB800009E2F /* ConstantValues.swift in Sources */,
				6B63E83C21C7EABE00009E2F /* CityCell.swift in Sources */,
				6B63E83621C7EAB400009E2F /* WeatherService.swift in Sources */,
				6B63E83A21C7EABB00009E2F /* SelectCityCell.swift in Sources */,
				6B63E82D21C7EA4E00009E2F /* SearchCityViewController.swift in Sources */,
				6B63E83021C7EA9900009E2F /* CityModel.swift in Sources */,
				6B63E83421C7EAB000009E2F /* Extensions.swift in Sources */,
				6B63E82F21C7EA5300009E2F /* SelectedCitiesWeatherController.swift in Sources */,
				6B63E82B21C7EA4A00009E2F /* CityDetailedWeatherViewController.swift in Sources */,
				6B63E83E21C7EAC100009E2F /* DetailsWeatherCell.swift in Sources */,
				6B63E81321C7E98F00009E2F /* AppDelegate.swift in Sources */,
				6B63E83221C7EAAD00009E2F /* DataBaseService.swift in Sources */,
			);
			runOnlyForDeploymentPostprocessing = 0;
		};
/* End PBXSourcesBuildPhase section */

/* Begin PBXVariantGroup section */
		6B63E81621C7E98F00009E2F /* Main.storyboard */ = {
			isa = PBXVariantGroup;
			children = (
				6B63E81721C7E98F00009E2F /* Base */,
			);
			name = Main.storyboard;
			sourceTree = "<group>";
		};
		6B63E81E21C7E99000009E2F /* LaunchScreen.storyboard */ = {
			isa = PBXVariantGroup;
			children = (
				6B63E81F21C7E99000009E2F /* Base */,
			);
			name = LaunchScreen.storyboard;
			sourceTree = "<group>";
		};
/* End PBXVariantGroup section */

/* Begin XCBuildConfiguration section */
		6B63E82221C7E99000009E2F /* Debug */ = {
			isa = XCBuildConfiguration;
			buildSettings = {
				ALWAYS_SEARCH_USER_PATHS = NO;
				CLANG_ANALYZER_NONNULL = YES;
				CLANG_ANALYZER_NUMBER_OBJECT_CONVERSION = YES_AGGRESSIVE;
				CLANG_CXX_LANGUAGE_STANDARD = "gnu++14";
				CLANG_CXX_LIBRARY = "libc++";
				CLANG_ENABLE_MODULES = YES;
				CLANG_ENABLE_OBJC_ARC = YES;
				CLANG_ENABLE_OBJC_WEAK = YES;
				CLANG_WARN_BLOCK_CAPTURE_AUTORELEASING = YES;
				CLANG_WARN_BOOL_CONVERSION = YES;
				CLANG_WARN_COMMA = YES;
				CLANG_WARN_CONSTANT_CONVERSION = YES;
				CLANG_WARN_DEPRECATED_OBJC_IMPLEMENTATIONS = YES;
				CLANG_WARN_DIRECT_OBJC_ISA_USAGE = YES_ERROR;
				CLANG_WARN_DOCUMENTATION_COMMENTS = YES;
				CLANG_WARN_EMPTY_BODY = YES;
				CLANG_WARN_ENUM_CONVERSION = YES;
				CLANG_WARN_INFINITE_RECURSION = YES;
				CLANG_WARN_INT_CONVERSION = YES;
				CLANG_WARN_NON_LITERAL_NULL_CONVERSION = YES;
				CLANG_WARN_OBJC_IMPLICIT_RETAIN_SELF = YES;
				CLANG_WARN_OBJC_LITERAL_CONVERSION = YES;
				CLANG_WARN_OBJC_ROOT_CLASS = YES_ERROR;
				CLANG_WARN_RANGE_LOOP_ANALYSIS = YES;
				CLANG_WARN_STRICT_PROTOTYPES = YES;
				CLANG_WARN_SUSPICIOUS_MOVE = YES;
				CLANG_WARN_UNGUARDED_AVAILABILITY = YES_AGGRESSIVE;
				CLANG_WARN_UNREACHABLE_CODE = YES;
				CLANG_WARN__DUPLICATE_METHOD_MATCH = YES;
				CODE_SIGN_IDENTITY = "iPhone Developer";
				COPY_PHASE_STRIP = NO;
				DEBUG_INFORMATION_FORMAT = dwarf;
				ENABLE_STRICT_OBJC_MSGSEND = YES;
				ENABLE_TESTABILITY = YES;
				GCC_C_LANGUAGE_STANDARD = gnu11;
				GCC_DYNAMIC_NO_PIC = NO;
				GCC_NO_COMMON_BLOCKS = YES;
				GCC_OPTIMIZATION_LEVEL = 0;
				GCC_PREPROCESSOR_DEFINITIONS = (
					"DEBUG=1",
					"$(inherited)",
				);
				GCC_WARN_64_TO_32_BIT_CONVERSION = YES;
				GCC_WARN_ABOUT_RETURN_TYPE = YES_ERROR;
				GCC_WARN_UNDECLARED_SELECTOR = YES;
				GCC_WARN_UNINITIALIZED_AUTOS = YES_AGGRESSIVE;
				GCC_WARN_UNUSED_FUNCTION = YES;
				GCC_WARN_UNUSED_VARIABLE = YES;
				IPHONEOS_DEPLOYMENT_TARGET = 12.1;
				MTL_ENABLE_DEBUG_INFO = INCLUDE_SOURCE;
				MTL_FAST_MATH = YES;
				ONLY_ACTIVE_ARCH = YES;
				SDKROOT = iphoneos;
				SWIFT_ACTIVE_COMPILATION_CONDITIONS = DEBUG;
				SWIFT_OPTIMIZATION_LEVEL = "-Onone";
			};
			name = Debug;
		};
		6B63E82321C7E99000009E2F /* Release */ = {
			isa = XCBuildConfiguration;
			buildSettings = {
				ALWAYS_SEARCH_USER_PATHS = NO;
				CLANG_ANALYZER_NONNULL = YES;
				CLANG_ANALYZER_NUMBER_OBJECT_CONVERSION = YES_AGGRESSIVE;
				CLANG_CXX_LANGUAGE_STANDARD = "gnu++14";
				CLANG_CXX_LIBRARY = "libc++";
				CLANG_ENABLE_MODULES = YES;
				CLANG_ENABLE_OBJC_ARC = YES;
				CLANG_ENABLE_OBJC_WEAK = YES;
				CLANG_WARN_BLOCK_CAPTURE_AUTORELEASING = YES;
				CLANG_WARN_BOOL_CONVERSION = YES;
				CLANG_WARN_COMMA = YES;
				CLANG_WARN_CONSTANT_CONVERSION = YES;
				CLANG_WARN_DEPRECATED_OBJC_IMPLEMENTATIONS = YES;
				CLANG_WARN_DIRECT_OBJC_ISA_USAGE = YES_ERROR;
				CLANG_WARN_DOCUMENTATION_COMMENTS = YES;
				CLANG_WARN_EMPTY_BODY = YES;
				CLANG_WARN_ENUM_CONVERSION = YES;
				CLANG_WARN_INFINITE_RECURSION = YES;
				CLANG_WARN_INT_CONVERSION = YES;
				CLANG_WARN_NON_LITERAL_NULL_CONVERSION = YES;
				CLANG_WARN_OBJC_IMPLICIT_RETAIN_SELF = YES;
				CLANG_WARN_OBJC_LITERAL_CONVERSION = YES;
				CLANG_WARN_OBJC_ROOT_CLASS = YES_ERROR;
				CLANG_WARN_RANGE_LOOP_ANALYSIS = YES;
				CLANG_WARN_STRICT_PROTOTYPES = YES;
				CLANG_WARN_SUSPICIOUS_MOVE = YES;
				CLANG_WARN_UNGUARDED_AVAILABILITY = YES_AGGRESSIVE;
				CLANG_WARN_UNREACHABLE_CODE = YES;
				CLANG_WARN__DUPLICATE_METHOD_MATCH = YES;
				CODE_SIGN_IDENTITY = "iPhone Developer";
				COPY_PHASE_STRIP = NO;
				DEBUG_INFORMATION_FORMAT = "dwarf-with-dsym";
				ENABLE_NS_ASSERTIONS = NO;
				ENABLE_STRICT_OBJC_MSGSEND = YES;
				GCC_C_LANGUAGE_STANDARD = gnu11;
				GCC_NO_COMMON_BLOCKS = YES;
				GCC_WARN_64_TO_32_BIT_CONVERSION = YES;
				GCC_WARN_ABOUT_RETURN_TYPE = YES_ERROR;
				GCC_WARN_UNDECLARED_SELECTOR = YES;
				GCC_WARN_UNINITIALIZED_AUTOS = YES_AGGRESSIVE;
				GCC_WARN_UNUSED_FUNCTION = YES;
				GCC_WARN_UNUSED_VARIABLE = YES;
				IPHONEOS_DEPLOYMENT_TARGET = 12.1;
				MTL_ENABLE_DEBUG_INFO = NO;
				MTL_FAST_MATH = YES;
				SDKROOT = iphoneos;
				SWIFT_COMPILATION_MODE = wholemodule;
				SWIFT_OPTIMIZATION_LEVEL = "-O";
				VALIDATE_PRODUCT = YES;
			};
			name = Release;
		};
		6B63E82521C7E99000009E2F /* Debug */ = {
			isa = XCBuildConfiguration;
			buildSettings = {
				ASSETCATALOG_COMPILER_APPICON_NAME = AppIcon;
				CODE_SIGN_STYLE = Automatic;
				DEVELOPMENT_TEAM = CKBNF3UH37;
				INFOPLIST_FILE = WeatherApp/Info.plist;
				LD_RUNPATH_SEARCH_PATHS = (
					"$(inherited)",
					"@executable_path/Frameworks",
				);
				PRODUCT_BUNDLE_IDENTIFIER = Next.level.WeatherApp;
				PRODUCT_NAME = "$(TARGET_NAME)";
				SWIFT_VERSION = 4.2;
				TARGETED_DEVICE_FAMILY = "1,2";
			};
			name = Debug;
		};
		6B63E82621C7E99000009E2F /* Release */ = {
			isa = XCBuildConfiguration;
			buildSettings = {
				ASSETCATALOG_COMPILER_APPICON_NAME = AppIcon;
				CODE_SIGN_STYLE = Automatic;
				DEVELOPMENT_TEAM = CKBNF3UH37;
				INFOPLIST_FILE = WeatherApp/Info.plist;
				LD_RUNPATH_SEARCH_PATHS = (
					"$(inherited)",
					"@executable_path/Frameworks",
				);
				PRODUCT_BUNDLE_IDENTIFIER = Next.level.WeatherApp;
				PRODUCT_NAME = "$(TARGET_NAME)";
				SWIFT_VERSION = 4.2;
				TARGETED_DEVICE_FAMILY = "1,2";
			};
			name = Release;
		};
/* End XCBuildConfiguration section */

/* Begin XCConfigurationList section */
		6B63E80A21C7E98F00009E2F /* Build configuration list for PBXProject "WeatherApp" */ = {
			isa = XCConfigurationList;
			buildConfigurations = (
				6B63E82221C7E99000009E2F /* Debug */,
				6B63E82321C7E99000009E2F /* Release */,
			);
			defaultConfigurationIsVisible = 0;
			defaultConfigurationName = Release;
		};
		6B63E82421C7E99000009E2F /* Build configuration list for PBXNativeTarget "WeatherApp" */ = {
			isa = XCConfigurationList;
			buildConfigurations = (
				6B63E82521C7E99000009E2F /* Debug */,
				6B63E82621C7E99000009E2F /* Release */,
			);
			defaultConfigurationIsVisible = 0;
			defaultConfigurationName = Release;
		};
/* End XCConfigurationList section */

/* Begin XCVersionGroup section */
		6B63E81921C7E98F00009E2F /* WeatherApp.xcdatamodeld */ = {
			isa = XCVersionGroup;
			children = (
				6B63E81A21C7E98F00009E2F /* WeatherApp.xcdatamodel */,
			);
			currentVersion = 6B63E81A21C7E98F00009E2F /* WeatherApp.xcdatamodel */;
			path = WeatherApp.xcdatamodeld;
			sourceTree = "<group>";
			versionGroupType = wrapper.xcdatamodel;
		};
/* End XCVersionGroup section */
	};
	rootObject = 6B63E80721C7E98F00009E2F /* Project object */;
}
